
Microsoft Visual Studio Solution File, Format Version 12.00
# Visual Studio 15
VisualStudioVersion = 15.0.28307.421
MinimumVisualStudioVersion = 10.0.40219.1
Project("{FAE04EC0-301F-11D3-BF4B-00C04F79EFBC}") = "NeYapsak.Entity", "NeYapsak.Entity\NeYapsak.Entity.csproj", "{B6FA07D0-3F3D-4047-AE47-A80047389E0B}"
EndProject
Project("{FAE04EC0-301F-11D3-BF4B-00C04F79EFBC}") = "NeYapsak.DAL", "NeYapsak.DAL\NeYapsak.DAL.csproj", "{D5EBF5C5-E7F2-4111-AD5E-F520593DD113}"
EndProject
Project("{FAE04EC0-301F-11D3-BF4B-00C04F79EFBC}") = "NeYapsak.BLL", "NeYapsak.BLL\NeYapsak.BLL.csproj", "{C9305997-A296-451F-A2D9-D64EC00862D2}"
EndProject
Project("{FAE04EC0-301F-11D3-BF4B-00C04F79EFBC}") = "NeYapsak.PL", "NeYapsak.PL\NeYapsak.PL.csproj", "{8C3BE76D-9AD8-4C3D-938B-56EFCC003D55}"
EndProject
Global
	GlobalSection(SolutionConfigurationPlatforms) = preSolution
		Debug|Any CPU = Debug|Any CPU
		Release|Any CPU = Release|Any CPU
	EndGlobalSection
	GlobalSection(ProjectConfigurationPlatforms) = postSolution
		{B6FA07D0-3F3D-4047-AE47-A80047389E0B}.Debug|Any CPU.ActiveCfg = Debug|Any CPU
		{B6FA07D0-3F3D-4047-AE47-A80047389E0B}.Debug|Any CPU.Build.0 = Debug|Any CPU
		{B6FA07D0-3F3D-4047-AE47-A80047389E0B}.Release|Any CPU.ActiveCfg = Release|Any CPU
		{B6FA07D0-3F3D-4047-AE47-A80047389E0B}.Release|Any CPU.Build.0 = Release|Any CPU
		{D5EBF5C5-E7F2-4111-AD5E-F520593DD113}.Debug|Any CPU.ActiveCfg = Debug|Any CPU
		{D5EBF5C5-E7F2-4111-AD5E-F520593DD113}.Debug|Any CPU.Build.0 = Debug|Any CPU
		{D5EBF5C5-E7F2-4111-AD5E-F520593DD113}.Release|Any CPU.ActiveCfg = Release|Any CPU
		{D5EBF5C5-E7F2-4111-AD5E-F520593DD113}.Release|Any CPU.Build.0 = Release|Any CPU
		{C9305997-A296-451F-A2D9-D64EC00862D2}.Debug|Any CPU.ActiveCfg = Debug|Any CPU
		{C9305997-A296-451F-A2D9-D64EC00862D2}.Debug|Any CPU.Build.0 = Debug|Any CPU
		{C9305997-A296-451F-A2D9-D64EC00862D2}.Release|Any CPU.ActiveCfg = Release|Any CPU
		{C9305997-A296-451F-A2D9-D64EC00862D2}.Release|Any CPU.Build.0 = Release|Any CPU
		{8C3BE76D-9AD8-4C3D-938B-56EFCC003D55}.Debug|Any CPU.ActiveCfg = Debug|Any CPU
		{8C3BE76D-9AD8-4C3D-938B-56EFCC003D55}.Debug|Any CPU.Build.0 = Debug|Any CPU
		{8C3BE76D-9AD8-4C3D-938B-56EFCC003D55}.Release|Any CPU.ActiveCfg = Release|Any CPU
		{8C3BE76D-9AD8-4C3D-938B-56EFCC003D55}.Release|Any CPU.Build.0 = Release|Any CPU
	EndGlobalSection
	GlobalSection(SolutionProperties) = preSolution
		HideSolutionNode = FALSE
	EndGlobalSection
	GlobalSection(ExtensibilityGlobals) = postSolution
		SolutionGuid = {3D92D305-B561-4852-A02D-5B7C06337A5B}
	EndGlobalSection
EndGlobal
